<?xml version="1.0" encoding="utf-8"?>
<Project ToolsVersion="4.0" xmlns="http://schemas.microsoft.com/developer/msbuild/2003">
  <ItemGroup>
    <Filter Include="源文件">
      <UniqueIdentifier>{4FC737F1-C7A5-4376-A066-2A32D752A2FF}</UniqueIdentifier>
      <Extensions>cpp;c;cc;cxx;def;odl;idl;hpj;bat;asm;asmx</Extensions>
    </Filter>
    <Filter Include="头文件">
      <UniqueIdentifier>{93995380-89BD-4b04-88EB-625FBE52EBFB}</UniqueIdentifier>
      <Extensions>h;hh;hpp;hxx;hm;inl;inc;ipp;xsd</Extensions>
    </Filter>
    <Filter Include="资源文件">
      <UniqueIdentifier>{67DA6AB6-F800-4c08-8B7A-83BB121AAD01}</UniqueIdentifier>
      <Extensions>rc;ico;cur;bmp;dlg;rc2;rct;bin;rgs;gif;jpg;jpeg;jpe;resx;tiff;tif;png;wav;mfcribbon-ms</Extensions>
    </Filter>
  </ItemGroup>
  <ItemGroup>
    <ClInclude Include="RSyncCtrlTest.h">
      <Filter>头文件</Filter>
    </ClInclude>
    <ClInclude Include="stdafx.h">
      <Filter>头文件</Filter>
    </ClInclude>
    <ClInclude Include="targetver.h">
      <Filter>头文件</Filter>
    </ClInclude>
    <ClInclude Include="Resource.h">
      <Filter>头文件</Filter>
    </ClInclude>
    <ClInclude Include="InterfaceTest.h">
      <Filter>头文件</Filter>
    </ClInclude>
    <ClInclude Include="CommonInterfaceTest.h">
      <Filter>头文件</Filter>
    </ClInclude>
    <ClInclude Include="UkeyInterfaceTest.h">
      <Filter>头文件</Filter>
    </ClInclude>
    <ClInclude Include="MobileInterfaceTest.h">
      <Filter>头文件</Filter>
    </ClInclude>
    <ClInclude Include="util.h">
      <Filter>头文件</Filter>
    </ClInclude>
    <ClInclude Include="CDlgPasswd.h">
      <Filter>头文件</Filter>
    </ClInclude>
    <ClInclude Include="CDlgTest.h">
      <Filter>头文件</Filter>
    </ClInclude>
    <ClInclude Include="CommonTestAuto.h">
      <Filter>头文件</Filter>
    </ClInclude>
    <ClInclude Include="CommonTestManual.h">
      <Filter>头文件</Filter>
    </ClInclude>
    <ClInclude Include="CommonTestAutoLogout.h">
      <Filter>头文件</Filter>
    </ClInclude>
    <ClInclude Include="CommonTestManualLogout.h">
      <Filter>头文件</Filter>
    </ClInclude>
    <ClInclude Include="UkeyTestAuto.h">
      <Filter>头文件</Filter>
    </ClInclude>
    <ClInclude Include="UkeyTestManual.h">
      <Filter>头文件</Filter>
    </ClInclude>
    <ClInclude Include="UkeyTestAutoLogout.h">
      <Filter>头文件</Filter>
    </ClInclude>
    <ClInclude Include="UkeyTestManualLogout.h">
      <Filter>头文件</Filter>
    </ClInclude>
    <ClInclude Include="MobileTestAuto.h">
      <Filter>头文件</Filter>
    </ClInclude>
    <ClInclude Include="MobileTestManual.h">
      <Filter>头文件</Filter>
    </ClInclude>
    <ClInclude Include="MobileTestAutoLogout.h">
      <Filter>头文件</Filter>
    </ClInclude>
    <ClInclude Include="MobileTestManualLogout.h">
      <Filter>头文件</Filter>
    </ClInclude>
    <ClInclude Include="SpecificTest.h">
      <Filter>头文件</Filter>
    </ClInclude>
    <ClInclude Include="CDRS_CertSafe.h">
      <Filter>头文件</Filter>
    </ClInclude>
  </ItemGroup>
  <ItemGroup>
    <ClCompile Include="RSyncCtrlTest.cpp">
      <Filter>源文件</Filter>
    </ClCompile>
    <ClCompile Include="stdafx.cpp">
      <Filter>源文件</Filter>
    </ClCompile>
    <ClCompile Include="InterfaceTest.cpp">
      <Filter>源文件</Filter>
    </ClCompile>
    <ClCompile Include="CommonInterfaceTest.cpp">
      <Filter>源文件</Filter>
    </ClCompile>
    <ClCompile Include="UkeyInterfaceTest.cpp">
      <Filter>源文件</Filter>
    </ClCompile>
    <ClCompile Include="MobileInterfaceTest.cpp">
      <Filter>源文件</Filter>
    </ClCompile>
    <ClCompile Include="util.cpp">
      <Filter>源文件</Filter>
    </ClCompile>
    <ClCompile Include="CDlgPasswd.cpp">
      <Filter>源文件</Filter>
    </ClCompile>
    <ClCompile Include="CDlgTest.cpp">
      <Filter>源文件</Filter>
    </ClCompile>
    <ClCompile Include="CommonTestAuto.cpp">
      <Filter>源文件</Filter>
    </ClCompile>
    <ClCompile Include="CommonTestManual.cpp">
      <Filter>源文件</Filter>
    </ClCompile>
    <ClCompile Include="CommonTestAutoLogout.cpp">
      <Filter>源文件</Filter>
    </ClCompile>
    <ClCompile Include="CommonTestManualLogout.cpp">
      <Filter>源文件</Filter>
    </ClCompile>
    <ClCompile Include="UkeyTestAuto.cpp">
      <Filter>源文件</Filter>
    </ClCompile>
    <ClCompile Include="UkeyTestManual.cpp">
      <Filter>源文件</Filter>
    </ClCompile>
    <ClCompile Include="UkeyTestAutoLogout.cpp">
      <Filter>源文件</Filter>
    </ClCompile>
    <ClCompile Include="UkeyTestManualLogout.cpp">
      <Filter>源文件</Filter>
    </ClCompile>
    <ClCompile Include="MobileTestAuto.cpp">
      <Filter>源文件</Filter>
    </ClCompile>
    <ClCompile Include="MobileTestManual.cpp">
      <Filter>源文件</Filter>
    </ClCompile>
    <ClCompile Include="MobileTestAutoLogout.cpp">
      <Filter>源文件</Filter>
    </ClCompile>
    <ClCompile Include="MobileTestManualLogout.cpp">
      <Filter>源文件</Filter>
    </ClCompile>
    <ClCompile Include="SpecificTest.cpp">
      <Filter>源文件</Filter>
    </ClCompile>
    <ClCompile Include="CDRS_CertSafe.cpp">
      <Filter>源文件</Filter>
    </ClCompile>
  </ItemGroup>
  <ItemGroup>
    <ResourceCompile Include="RSyncCtrlTest.rc">
      <Filter>资源文件</Filter>
    </ResourceCompile>
  </ItemGroup>
  <ItemGroup>
    <None Include="res\RSyncCtrlTest.rc2">
      <Filter>资源文件</Filter>
    </None>
  </ItemGroup>
  <ItemGroup>
    <Image Include="res\RSyncCtrlTest.ico">
      <Filter>资源文件</Filter>
    </Image>
  </ItemGroup>
</Project>